// !$*UTF8*$!
{
	archiveVersion = 1;
	classes = {
	};
	objectVersion = 56;
	objects = {

/* Begin PBXBuildFile section */
		AA8CC1E02964819C00240CE6 /* SDWebImageSwiftUI in Frameworks */ = {isa = PBXBuildFile; productRef = AA8CC1DF2964819C00240CE6 /* SDWebImageSwiftUI */; };
		AA8CC1E32964825A00240CE6 /* FirebaseAuth in Frameworks */ = {isa = PBXBuildFile; productRef = AA8CC1E22964825A00240CE6 /* FirebaseAuth */; };
		AA8CC1E52964825A00240CE6 /* FirebaseFirestore in Frameworks */ = {isa = PBXBuildFile; productRef = AA8CC1E42964825A00240CE6 /* FirebaseFirestore */; };
		AA8CC1E72964825A00240CE6 /* FirebaseFirestoreSwift in Frameworks */ = {isa = PBXBuildFile; productRef = AA8CC1E62964825A00240CE6 /* FirebaseFirestoreSwift */; };
		AA8CC1E92964825A00240CE6 /* FirebaseStorage in Frameworks */ = {isa = PBXBuildFile; productRef = AA8CC1E82964825A00240CE6 /* FirebaseStorage */; };
		AA8CC1EB296542FE00240CE6 /* PostsView.swift in Sources */ = {isa = PBXBuildFile; fileRef = AA8CC1EA296542FE00240CE6 /* PostsView.swift */; };
		AA8CC1ED29656B5000240CE6 /* ReusablePostsView.swift in Sources */ = {isa = PBXBuildFile; fileRef = AA8CC1EC29656B5000240CE6 /* ReusablePostsView.swift */; };
		AA8CC1EF2965784500240CE6 /* PostCardView.swift in Sources */ = {isa = PBXBuildFile; fileRef = AA8CC1EE2965784500240CE6 /* PostCardView.swift */; };
		AA8CC1F32965BEE000240CE6 /* SearchUserView.swift in Sources */ = {isa = PBXBuildFile; fileRef = AA8CC1F22965BEE000240CE6 /* SearchUserView.swift */; };
		AACDCD992962B40300BA58E2 /* SocialMediaApp.swift in Sources */ = {isa = PBXBuildFile; fileRef = AACDCD982962B40300BA58E2 /* SocialMediaApp.swift */; };
		AACDCD9B2962B40300BA58E2 /* ContentView.swift in Sources */ = {isa = PBXBuildFile; fileRef = AACDCD9A2962B40300BA58E2 /* ContentView.swift */; };
		AACDCD9D2962B40500BA58E2 /* Assets.xcassets in Resources */ = {isa = PBXBuildFile; fileRef = AACDCD9C2962B40500BA58E2 /* Assets.xcassets */; };
		AACDCDA02962B40500BA58E2 /* Preview Assets.xcassets in Resources */ = {isa = PBXBuildFile; fileRef = AACDCD9F2962B40500BA58E2 /* Preview Assets.xcassets */; };
		AACDCDAF2962B8A400BA58E2 /* LoginView.swift in Sources */ = {isa = PBXBuildFile; fileRef = AACDCDAE2962B8A400BA58E2 /* LoginView.swift */; };
		AACDCDB82962D6E700BA58E2 /* User.swift in Sources */ = {isa = PBXBuildFile; fileRef = AACDCDB72962D6E700BA58E2 /* User.swift */; };
		AACDCDBC2962E17300BA58E2 /* GoogleService-Info.plist in Resources */ = {isa = PBXBuildFile; fileRef = AACDCDBB2962E17300BA58E2 /* GoogleService-Info.plist */; };
		AACDCDBE2963040200BA58E2 /* LoadingView.swift in Sources */ = {isa = PBXBuildFile; fileRef = AACDCDBD2963040200BA58E2 /* LoadingView.swift */; };
		AACDCDC2296321D900BA58E2 /* RegisterView.swift in Sources */ = {isa = PBXBuildFile; fileRef = AACDCDC1296321D900BA58E2 /* RegisterView.swift */; };
		AACDCDC52963223600BA58E2 /* View+Extension.swift in Sources */ = {isa = PBXBuildFile; fileRef = AACDCDC42963223600BA58E2 /* View+Extension.swift */; };
		AACDCDC72963228600BA58E2 /* MainView.swift in Sources */ = {isa = PBXBuildFile; fileRef = AACDCDC62963228600BA58E2 /* MainView.swift */; };
		AACDCDC92963235700BA58E2 /* ProfileView.swift in Sources */ = {isa = PBXBuildFile; fileRef = AACDCDC82963235700BA58E2 /* ProfileView.swift */; };
		AACDCDCB29632FFE00BA58E2 /* ReusableProfileContent.swift in Sources */ = {isa = PBXBuildFile; fileRef = AACDCDCA29632FFE00BA58E2 /* ReusableProfileContent.swift */; };
		AACDCDD02964734D00BA58E2 /* CreateNewPost.swift in Sources */ = {isa = PBXBuildFile; fileRef = AACDCDCF2964734D00BA58E2 /* CreateNewPost.swift */; };
		AACDCDD2296473EB00BA58E2 /* Post.swift in Sources */ = {isa = PBXBuildFile; fileRef = AACDCDD1296473EB00BA58E2 /* Post.swift */; };
/* End PBXBuildFile section */

/* Begin PBXFileReference section */
		AA8CC1EA296542FE00240CE6 /* PostsView.swift */ = {isa = PBXFileReference; lastKnownFileType = sourcecode.swift; path = PostsView.swift; sourceTree = "<group>"; };
		AA8CC1EC29656B5000240CE6 /* ReusablePostsView.swift */ = {isa = PBXFileReference; lastKnownFileType = sourcecode.swift; path = ReusablePostsView.swift; sourceTree = "<group>"; };
		AA8CC1EE2965784500240CE6 /* PostCardView.swift */ = {isa = PBXFileReference; lastKnownFileType = sourcecode.swift; path = PostCardView.swift; sourceTree = "<group>"; };
		AA8CC1F22965BEE000240CE6 /* SearchUserView.swift */ = {isa = PBXFileReference; lastKnownFileType = sourcecode.swift; path = SearchUserView.swift; sourceTree = "<group>"; };
		AACDCD952962B40300BA58E2 /* SocialMedia.app */ = {isa = PBXFileReference; explicitFileType = wrapper.application; includeInIndex = 0; path = SocialMedia.app; sourceTree = BUILT_PRODUCTS_DIR; };
		AACDCD982962B40300BA58E2 /* SocialMediaApp.swift */ = {isa = PBXFileReference; lastKnownFileType = sourcecode.swift; path = SocialMediaApp.swift; sourceTree = "<group>"; };
		AACDCD9A2962B40300BA58E2 /* ContentView.swift */ = {isa = PBXFileReference; lastKnownFileType = sourcecode.swift; path = ContentView.swift; sourceTree = "<group>"; };
		AACDCD9C2962B40500BA58E2 /* Assets.xcassets */ = {isa = PBXFileReference; lastKnownFileType = folder.assetcatalog; path = Assets.xcassets; sourceTree = "<group>"; };
		AACDCD9F2962B40500BA58E2 /* Preview Assets.xcassets */ = {isa = PBXFileReference; lastKnownFileType = folder.assetcatalog; path = "Preview Assets.xcassets"; sourceTree = "<group>"; };
		AACDCDAE2962B8A400BA58E2 /* LoginView.swift */ = {isa = PBXFileReference; lastKnownFileType = sourcecode.swift; path = LoginView.swift; sourceTree = "<group>"; };
		AACDCDB72962D6E700BA58E2 /* User.swift */ = {isa = PBXFileReference; lastKnownFileType = sourcecode.swift; path = User.swift; sourceTree = "<group>"; };
		AACDCDBB2962E17300BA58E2 /* GoogleService-Info.plist */ = {isa = PBXFileReference; fileEncoding = 4; lastKnownFileType = text.plist.xml; path = "GoogleService-Info.plist"; sourceTree = "<group>"; };
		AACDCDBD2963040200BA58E2 /* LoadingView.swift */ = {isa = PBXFileReference; lastKnownFileType = sourcecode.swift; path = LoadingView.swift; sourceTree = "<group>"; };
		AACDCDC1296321D900BA58E2 /* RegisterView.swift */ = {isa = PBXFileReference; lastKnownFileType = sourcecode.swift; path = RegisterView.swift; sourceTree = "<group>"; };
		AACDCDC42963223600BA58E2 /* View+Extension.swift */ = {isa = PBXFileReference; lastKnownFileType = sourcecode.swift; path = "View+Extension.swift"; sourceTree = "<group>"; };
		AACDCDC62963228600BA58E2 /* MainView.swift */ = {isa = PBXFileReference; lastKnownFileType = sourcecode.swift; path = MainView.swift; sourceTree = "<group>"; };
		AACDCDC82963235700BA58E2 /* ProfileView.swift */ = {isa = PBXFileReference; lastKnownFileType = sourcecode.swift; path = ProfileView.swift; sourceTree = "<group>"; };
		AACDCDCA29632FFE00BA58E2 /* ReusableProfileContent.swift */ = {isa = PBXFileReference; lastKnownFileType = sourcecode.swift; path = ReusableProfileContent.swift; sourceTree = "<group>"; };
		AACDCDCF2964734D00BA58E2 /* CreateNewPost.swift */ = {isa = PBXFileReference; lastKnownFileType = sourcecode.swift; path = CreateNewPost.swift; sourceTree = "<group>"; };
		AACDCDD1296473EB00BA58E2 /* Post.swift */ = {isa = PBXFileReference; lastKnownFileType = sourcecode.swift; path = Post.swift; sourceTree = "<group>"; };
/* End PBXFileReference section */

/* Begin PBXFrameworksBuildPhase section */
		AACDCD922962B40300BA58E2 /* Frameworks */ = {
			isa = PBXFrameworksBuildPhase;
			buildActionMask = 2147483647;
			files = (
				AA8CC1E02964819C00240CE6 /* SDWebImageSwiftUI in Frameworks */,
				AA8CC1E32964825A00240CE6 /* FirebaseAuth in Frameworks */,
				AA8CC1E52964825A00240CE6 /* FirebaseFirestore in Frameworks */,
				AA8CC1E92964825A00240CE6 /* FirebaseStorage in Frameworks */,
				AA8CC1E72964825A00240CE6 /* FirebaseFirestoreSwift in Frameworks */,
			);
			runOnlyForDeploymentPostprocessing = 0;
		};
/* End PBXFrameworksBuildPhase section */

/* Begin PBXGroup section */
		AA8CC1F02965B9A900240CE6 /* PostView */ = {
			isa = PBXGroup;
			children = (
				AA8CC1EA296542FE00240CE6 /* PostsView.swift */,
				AA8CC1EC29656B5000240CE6 /* ReusablePostsView.swift */,
				AA8CC1EE2965784500240CE6 /* PostCardView.swift */,
			);
			path = PostView;
			sourceTree = "<group>";
		};
		AA8CC1F12965B9B900240CE6 /* ProfileView */ = {
			isa = PBXGroup;
			children = (
				AACDCDC82963235700BA58E2 /* ProfileView.swift */,
				AACDCDCA29632FFE00BA58E2 /* ReusableProfileContent.swift */,
			);
			path = ProfileView;
			sourceTree = "<group>";
		};
		AACDCD8C2962B40300BA58E2 = {
			isa = PBXGroup;
			children = (
				AACDCD972962B40300BA58E2 /* SocialMedia */,
				AACDCD962962B40300BA58E2 /* Products */,
				AACDCDB02962D4E800BA58E2 /* Frameworks */,
			);
			sourceTree = "<group>";
		};
		AACDCD962962B40300BA58E2 /* Products */ = {
			isa = PBXGroup;
			children = (
				AACDCD952962B40300BA58E2 /* SocialMedia.app */,
			);
			name = Products;
			sourceTree = "<group>";
		};
		AACDCD972962B40300BA58E2 /* SocialMedia */ = {
			isa = PBXGroup;
			children = (
				AACDCDBB2962E17300BA58E2 /* GoogleService-Info.plist */,
				AACDCDA82962B42A00BA58E2 /* ViewModel */,
				AACDCDA72962B42600BA58E2 /* Model */,
				AACDCDA62962B42200BA58E2 /* View */,
				AACDCD982962B40300BA58E2 /* SocialMediaApp.swift */,
				AACDCD9A2962B40300BA58E2 /* ContentView.swift */,
				AACDCD9C2962B40500BA58E2 /* Assets.xcassets */,
				AACDCD9E2962B40500BA58E2 /* Preview Content */,
			);
			path = SocialMedia;
			sourceTree = "<group>";
		};
		AACDCD9E2962B40500BA58E2 /* Preview Content */ = {
			isa = PBXGroup;
			children = (
				AACDCD9F2962B40500BA58E2 /* Preview Assets.xcassets */,
			);
			path = "Preview Content";
			sourceTree = "<group>";
		};
		AACDCDA62962B42200BA58E2 /* View */ = {
			isa = PBXGroup;
			children = (
				AACDCDC32963222300BA58E2 /* Helpers */,
				AACDCDC0296321BE00BA58E2 /* Login */,
				AACDCDBF296321B700BA58E2 /* MainView */,
				AACDCDBD2963040200BA58E2 /* LoadingView.swift */,
			);
			path = View;
			sourceTree = "<group>";
		};
		AACDCDA72962B42600BA58E2 /* Model */ = {
			isa = PBXGroup;
			children = (
				AACDCDB72962D6E700BA58E2 /* User.swift */,
				AACDCDD1296473EB00BA58E2 /* Post.swift */,
			);
			path = Model;
			sourceTree = "<group>";
		};
		AACDCDA82962B42A00BA58E2 /* ViewModel */ = {
			isa = PBXGroup;
			children = (
			);
			path = ViewModel;
			sourceTree = "<group>";
		};
		AACDCDB02962D4E800BA58E2 /* Frameworks */ = {
			isa = PBXGroup;
			children = (
			);
			name = Frameworks;
			sourceTree = "<group>";
		};
		AACDCDBF296321B700BA58E2 /* MainView */ = {
			isa = PBXGroup;
			children = (
				AACDCDC62963228600BA58E2 /* MainView.swift */,
				AACDCDCF2964734D00BA58E2 /* CreateNewPost.swift */,
				AA8CC1F12965B9B900240CE6 /* ProfileView */,
				AA8CC1F02965B9A900240CE6 /* PostView */,
				AA8CC1F22965BEE000240CE6 /* SearchUserView.swift */,
			);
			path = MainView;
			sourceTree = "<group>";
		};
		AACDCDC0296321BE00BA58E2 /* Login */ = {
			isa = PBXGroup;
			children = (
				AACDCDAE2962B8A400BA58E2 /* LoginView.swift */,
				AACDCDC1296321D900BA58E2 /* RegisterView.swift */,
			);
			path = Login;
			sourceTree = "<group>";
		};
		AACDCDC32963222300BA58E2 /* Helpers */ = {
			isa = PBXGroup;
			children = (
				AACDCDC42963223600BA58E2 /* View+Extension.swift */,
			);
			path = Helpers;
			sourceTree = "<group>";
		};
/* End PBXGroup section */

/* Begin PBXNativeTarget section */
		AACDCD942962B40300BA58E2 /* SocialMedia */ = {
			isa = PBXNativeTarget;
			buildConfigurationList = AACDCDA32962B40500BA58E2 /* Build configuration list for PBXNativeTarget "SocialMedia" */;
			buildPhases = (
				AACDCD912962B40300BA58E2 /* Sources */,
				AACDCD922962B40300BA58E2 /* Frameworks */,
				AACDCD932962B40300BA58E2 /* Resources */,
			);
			buildRules = (
			);
			dependencies = (
			);
			name = SocialMedia;
			packageProductDependencies = (
				AA8CC1DF2964819C00240CE6 /* SDWebImageSwiftUI */,
				AA8CC1E22964825A00240CE6 /* FirebaseAuth */,
				AA8CC1E42964825A00240CE6 /* FirebaseFirestore */,
				AA8CC1E62964825A00240CE6 /* FirebaseFirestoreSwift */,
				AA8CC1E82964825A00240CE6 /* FirebaseStorage */,
			);
			productName = SocialMedia;
			productReference = AACDCD952962B40300BA58E2 /* SocialMedia.app */;
			productType = "com.apple.product-type.application";
		};
/* End PBXNativeTarget section */

/* Begin PBXProject section */
		AACDCD8D2962B40300BA58E2 /* Project object */ = {
			isa = PBXProject;
			attributes = {
				BuildIndependentTargetsInParallel = 1;
				LastSwiftUpdateCheck = 1420;
				LastUpgradeCheck = 1420;
				TargetAttributes = {
					AACDCD942962B40300BA58E2 = {
						CreatedOnToolsVersion = 14.2;
					};
				};
			};
			buildConfigurationList = AACDCD902962B40300BA58E2 /* Build configuration list for PBXProject "SocialMedia" */;
			compatibilityVersion = "Xcode 14.0";
			developmentRegion = en;
			hasScannedForEncodings = 0;
			knownRegions = (
				en,
				Base,
			);
			mainGroup = AACDCD8C2962B40300BA58E2;
			packageReferences = (
				AA8CC1DE2964819C00240CE6 /* XCRemoteSwiftPackageReference "SDWebImageSwiftUI" */,
				AA8CC1E12964825A00240CE6 /* XCRemoteSwiftPackageReference "firebase-ios-sdk" */,
			);
			productRefGroup = AACDCD962962B40300BA58E2 /* Products */;
			projectDirPath = "";
			projectRoot = "";
			targets = (
				AACDCD942962B40300BA58E2 /* SocialMedia */,
			);
		};
/* End PBXProject section */

/* Begin PBXResourcesBuildPhase section */
		AACDCD932962B40300BA58E2 /* Resources */ = {
			isa = PBXResourcesBuildPhase;
			buildActionMask = 2147483647;
			files = (
				AACDCDA02962B40500BA58E2 /* Preview Assets.xcassets in Resources */,
				AACDCD9D2962B40500BA58E2 /* Assets.xcassets in Resources */,
				AACDCDBC2962E17300BA58E2 /* GoogleService-Info.plist in Resources */,
			);
			runOnlyForDeploymentPostprocessing = 0;
		};
/* End PBXResourcesBuildPhase section */

/* Begin PBXSourcesBuildPhase section */
		AACDCD912962B40300BA58E2 /* Sources */ = {
			isa = PBXSourcesBuildPhase;
			buildActionMask = 2147483647;
			files = (
				AACDCDB82962D6E700BA58E2 /* User.swift in Sources */,
				AACDCDC92963235700BA58E2 /* ProfileView.swift in Sources */,
				AACDCDC72963228600BA58E2 /* MainView.swift in Sources */,
				AACDCDD2296473EB00BA58E2 /* Post.swift in Sources */,
				AACDCDAF2962B8A400BA58E2 /* LoginView.swift in Sources */,
				AA8CC1ED29656B5000240CE6 /* ReusablePostsView.swift in Sources */,
				AACDCDCB29632FFE00BA58E2 /* ReusableProfileContent.swift in Sources */,
				AACDCD9B2962B40300BA58E2 /* ContentView.swift in Sources */,
				AACDCDC2296321D900BA58E2 /* RegisterView.swift in Sources */,
				AACDCDD02964734D00BA58E2 /* CreateNewPost.swift in Sources */,
				AA8CC1EB296542FE00240CE6 /* PostsView.swift in Sources */,
				AACDCDBE2963040200BA58E2 /* LoadingView.swift in Sources */,
				AA8CC1EF2965784500240CE6 /* PostCardView.swift in Sources */,
				AACDCDC52963223600BA58E2 /* View+Extension.swift in Sources */,
				AACDCD992962B40300BA58E2 /* SocialMediaApp.swift in Sources */,
				AA8CC1F32965BEE000240CE6 /* SearchUserView.swift in Sources */,
			);
			runOnlyForDeploymentPostprocessing = 0;
		};
/* End PBXSourcesBuildPhase section */

/* Begin XCBuildConfiguration section */
		AACDCDA12962B40500BA58E2 /* Debug */ = {
			isa = XCBuildConfiguration;
			buildSettings = {
				ALWAYS_SEARCH_USER_PATHS = NO;
				CLANG_ANALYZER_NONNULL = YES;
				CLANG_ANALYZER_NUMBER_OBJECT_CONVERSION = YES_AGGRESSIVE;
				CLANG_CXX_LANGUAGE_STANDARD = "gnu++20";
				CLANG_ENABLE_MODULES = YES;
				CLANG_ENABLE_OBJC_ARC = YES;
				CLANG_ENABLE_OBJC_WEAK = YES;
				CLANG_WARN_BLOCK_CAPTURE_AUTORELEASING = YES;
				CLANG_WARN_BOOL_CONVERSION = YES;
				CLANG_WARN_COMMA = YES;
				CLANG_WARN_CONSTANT_CONVERSION = YES;
				CLANG_WARN_DEPRECATED_OBJC_IMPLEMENTATIONS = YES;
				CLANG_WARN_DIRECT_OBJC_ISA_USAGE = YES_ERROR;
				CLANG_WARN_DOCUMENTATION_COMMENTS = YES;
				CLANG_WARN_EMPTY_BODY = YES;
				CLANG_WARN_ENUM_CONVERSION = YES;
				CLANG_WARN_INFINITE_RECURSION = YES;
				CLANG_WARN_INT_CONVERSION = YES;
				CLANG_WARN_NON_LITERAL_NULL_CONVERSION = YES;
				CLANG_WARN_OBJC_IMPLICIT_RETAIN_SELF = YES;
				CLANG_WARN_OBJC_LITERAL_CONVERSION = YES;
				CLANG_WARN_OBJC_ROOT_CLASS = YES_ERROR;
				CLANG_WARN_QUOTED_INCLUDE_IN_FRAMEWORK_HEADER = YES;
				CLANG_WARN_RANGE_LOOP_ANALYSIS = YES;
				CLANG_WARN_STRICT_PROTOTYPES = YES;
				CLANG_WARN_SUSPICIOUS_MOVE = YES;
				CLANG_WARN_UNGUARDED_AVAILABILITY = YES_AGGRESSIVE;
				CLANG_WARN_UNREACHABLE_CODE = YES;
				CLANG_WARN__DUPLICATE_METHOD_MATCH = YES;
				COPY_PHASE_STRIP = NO;
				DEBUG_INFORMATION_FORMAT = dwarf;
				ENABLE_STRICT_OBJC_MSGSEND = YES;
				ENABLE_TESTABILITY = YES;
				GCC_C_LANGUAGE_STANDARD = gnu11;
				GCC_DYNAMIC_NO_PIC = NO;
				GCC_NO_COMMON_BLOCKS = YES;
				GCC_OPTIMIZATION_LEVEL = 0;
				GCC_PREPROCESSOR_DEFINITIONS = (
					"DEBUG=1",
					"$(inherited)",
				);
				GCC_WARN_64_TO_32_BIT_CONVERSION = YES;
				GCC_WARN_ABOUT_RETURN_TYPE = YES_ERROR;
				GCC_WARN_UNDECLARED_SELECTOR = YES;
				GCC_WARN_UNINITIALIZED_AUTOS = YES_AGGRESSIVE;
				GCC_WARN_UNUSED_FUNCTION = YES;
				GCC_WARN_UNUSED_VARIABLE = YES;
				IPHONEOS_DEPLOYMENT_TARGET = 16.2;
				MTL_ENABLE_DEBUG_INFO = INCLUDE_SOURCE;
				MTL_FAST_MATH = YES;
				ONLY_ACTIVE_ARCH = YES;
				SDKROOT = iphoneos;
				SWIFT_ACTIVE_COMPILATION_CONDITIONS = DEBUG;
				SWIFT_OPTIMIZATION_LEVEL = "-Onone";
			};
			name = Debug;
		};
		AACDCDA22962B40500BA58E2 /* Release */ = {
			isa = XCBuildConfiguration;
			buildSettings = {
				ALWAYS_SEARCH_USER_PATHS = NO;
				CLANG_ANALYZER_NONNULL = YES;
				CLANG_ANALYZER_NUMBER_OBJECT_CONVERSION = YES_AGGRESSIVE;
				CLANG_CXX_LANGUAGE_STANDARD = "gnu++20";
				CLANG_ENABLE_MODULES = YES;
				CLANG_ENABLE_OBJC_ARC = YES;
				CLANG_ENABLE_OBJC_WEAK = YES;
				CLANG_WARN_BLOCK_CAPTURE_AUTORELEASING = YES;
				CLANG_WARN_BOOL_CONVERSION = YES;
				CLANG_WARN_COMMA = YES;
				CLANG_WARN_CONSTANT_CONVERSION = YES;
				CLANG_WARN_DEPRECATED_OBJC_IMPLEMENTATIONS = YES;
				CLANG_WARN_DIRECT_OBJC_ISA_USAGE = YES_ERROR;
				CLANG_WARN_DOCUMENTATION_COMMENTS = YES;
				CLANG_WARN_EMPTY_BODY = YES;
				CLANG_WARN_ENUM_CONVERSION = YES;
				CLANG_WARN_INFINITE_RECURSION = YES;
				CLANG_WARN_INT_CONVERSION = YES;
				CLANG_WARN_NON_LITERAL_NULL_CONVERSION = YES;
				CLANG_WARN_OBJC_IMPLICIT_RETAIN_SELF = YES;
				CLANG_WARN_OBJC_LITERAL_CONVERSION = YES;
				CLANG_WARN_OBJC_ROOT_CLASS = YES_ERROR;
				CLANG_WARN_QUOTED_INCLUDE_IN_FRAMEWORK_HEADER = YES;
				CLANG_WARN_RANGE_LOOP_ANALYSIS = YES;
				CLANG_WARN_STRICT_PROTOTYPES = YES;
				CLANG_WARN_SUSPICIOUS_MOVE = YES;
				CLANG_WARN_UNGUARDED_AVAILABILITY = YES_AGGRESSIVE;
				CLANG_WARN_UNREACHABLE_CODE = YES;
				CLANG_WARN__DUPLICATE_METHOD_MATCH = YES;
				COPY_PHASE_STRIP = NO;
				DEBUG_INFORMATION_FORMAT = "dwarf-with-dsym";
				ENABLE_NS_ASSERTIONS = NO;
				ENABLE_STRICT_OBJC_MSGSEND = YES;
				GCC_C_LANGUAGE_STANDARD = gnu11;
				GCC_NO_COMMON_BLOCKS = YES;
				GCC_WARN_64_TO_32_BIT_CONVERSION = YES;
				GCC_WARN_ABOUT_RETURN_TYPE = YES_ERROR;
				GCC_WARN_UNDECLARED_SELECTOR = YES;
				GCC_WARN_UNINITIALIZED_AUTOS = YES_AGGRESSIVE;
				GCC_WARN_UNUSED_FUNCTION = YES;
				GCC_WARN_UNUSED_VARIABLE = YES;
				IPHONEOS_DEPLOYMENT_TARGET = 16.2;
				MTL_ENABLE_DEBUG_INFO = NO;
				MTL_FAST_MATH = YES;
				SDKROOT = iphoneos;
				SWIFT_COMPILATION_MODE = wholemodule;
				SWIFT_OPTIMIZATION_LEVEL = "-O";
				VALIDATE_PRODUCT = YES;
			};
			name = Release;
		};
		AACDCDA42962B40500BA58E2 /* Debug */ = {
			isa = XCBuildConfiguration;
			buildSettings = {
				ASSETCATALOG_COMPILER_APPICON_NAME = AppIcon;
				ASSETCATALOG_COMPILER_GLOBAL_ACCENT_COLOR_NAME = AccentColor;
				CODE_SIGN_STYLE = Automatic;
				CURRENT_PROJECT_VERSION = 1;
				DEVELOPMENT_ASSET_PATHS = "\"SocialMedia/Preview Content\"";
				DEVELOPMENT_TEAM = 2UYV54B9WB;
				ENABLE_PREVIEWS = YES;
				GENERATE_INFOPLIST_FILE = YES;
				INFOPLIST_KEY_UIApplicationSceneManifest_Generation = YES;
				INFOPLIST_KEY_UIApplicationSupportsIndirectInputEvents = YES;
				INFOPLIST_KEY_UILaunchScreen_Generation = YES;
				INFOPLIST_KEY_UISupportedInterfaceOrientations_iPad = "UIInterfaceOrientationPortrait UIInterfaceOrientationPortraitUpsideDown UIInterfaceOrientationLandscapeLeft UIInterfaceOrientationLandscapeRight";
				INFOPLIST_KEY_UISupportedInterfaceOrientations_iPhone = "UIInterfaceOrientationPortrait UIInterfaceOrientationLandscapeLeft UIInterfaceOrientationLandscapeRight";
				LD_RUNPATH_SEARCH_PATHS = (
					"$(inherited)",
					"@executable_path/Frameworks",
				);
				MARKETING_VERSION = 1.0;
				PRODUCT_BUNDLE_IDENTIFIER = com.alaxhenry.SocialMedia;
				PRODUCT_NAME = "$(TARGET_NAME)";
				SWIFT_EMIT_LOC_STRINGS = YES;
				SWIFT_VERSION = 5.0;
				TARGETED_DEVICE_FAMILY = "1,2";
			};
			name = Debug;
		};
		AACDCDA52962B40500BA58E2 /* Release */ = {
			isa = XCBuildConfiguration;
			buildSettings = {
				ASSETCATALOG_COMPILER_APPICON_NAME = AppIcon;
				ASSETCATALOG_COMPILER_GLOBAL_ACCENT_COLOR_NAME = AccentColor;
				CODE_SIGN_STYLE = Automatic;
				CURRENT_PROJECT_VERSION = 1;
				DEVELOPMENT_ASSET_PATHS = "\"SocialMedia/Preview Content\"";
				DEVELOPMENT_TEAM = 2UYV54B9WB;
				ENABLE_PREVIEWS = YES;
				GENERATE_INFOPLIST_FILE = YES;
				INFOPLIST_KEY_UIApplicationSceneManifest_Generation = YES;
				INFOPLIST_KEY_UIApplicationSupportsIndirectInputEvents = YES;
				INFOPLIST_KEY_UILaunchScreen_Generation = YES;
				INFOPLIST_KEY_UISupportedInterfaceOrientations_iPad = "UIInterfaceOrientationPortrait UIInterfaceOrientationPortraitUpsideDown UIInterfaceOrientationLandscapeLeft UIInterfaceOrientationLandscapeRight";
				INFOPLIST_KEY_UISupportedInterfaceOrientations_iPhone = "UIInterfaceOrientationPortrait UIInterfaceOrientationLandscapeLeft UIInterfaceOrientationLandscapeRight";
				LD_RUNPATH_SEARCH_PATHS = (
					"$(inherited)",
					"@executable_path/Frameworks",
				);
				MARKETING_VERSION = 1.0;
				PRODUCT_BUNDLE_IDENTIFIER = com.alaxhenry.SocialMedia;
				PRODUCT_NAME = "$(TARGET_NAME)";
				SWIFT_EMIT_LOC_STRINGS = YES;
				SWIFT_VERSION = 5.0;
				TARGETED_DEVICE_FAMILY = "1,2";
			};
			name = Release;
		};
/* End XCBuildConfiguration section */

/* Begin XCConfigurationList section */
		AACDCD902962B40300BA58E2 /* Build configuration list for PBXProject "SocialMedia" */ = {
			isa = XCConfigurationList;
			buildConfigurations = (
				AACDCDA12962B40500BA58E2 /* Debug */,
				AACDCDA22962B40500BA58E2 /* Release */,
			);
			defaultConfigurationIsVisible = 0;
			defaultConfigurationName = Release;
		};
		AACDCDA32962B40500BA58E2 /* Build configuration list for PBXNativeTarget "SocialMedia" */ = {
			isa = XCConfigurationList;
			buildConfigurations = (
				AACDCDA42962B40500BA58E2 /* Debug */,
				AACDCDA52962B40500BA58E2 /* Release */,
			);
			defaultConfigurationIsVisible = 0;
			defaultConfigurationName = Release;
		};
/* End XCConfigurationList section */

/* Begin XCRemoteSwiftPackageReference section */
		AA8CC1DE2964819C00240CE6 /* XCRemoteSwiftPackageReference "SDWebImageSwiftUI" */ = {
			isa = XCRemoteSwiftPackageReference;
			repositoryURL = "https://github.com/SDWebImage/SDWebImageSwiftUI.git";
			requirement = {
				branch = master;
				kind = branch;
			};
		};
		AA8CC1E12964825A00240CE6 /* XCRemoteSwiftPackageReference "firebase-ios-sdk" */ = {
			isa = XCRemoteSwiftPackageReference;
			repositoryURL = "https://github.com/firebase/firebase-ios-sdk";
			requirement = {
				kind = upToNextMajorVersion;
				minimumVersion = 9.0.0;
			};
		};
/* End XCRemoteSwiftPackageReference section */

/* Begin XCSwiftPackageProductDependency section */
		AA8CC1DF2964819C00240CE6 /* SDWebImageSwiftUI */ = {
			isa = XCSwiftPackageProductDependency;
			package = AA8CC1DE2964819C00240CE6 /* XCRemoteSwiftPackageReference "SDWebImageSwiftUI" */;
			productName = SDWebImageSwiftUI;
		};
		AA8CC1E22964825A00240CE6 /* FirebaseAuth */ = {
			isa = XCSwiftPackageProductDependency;
			package = AA8CC1E12964825A00240CE6 /* XCRemoteSwiftPackageReference "firebase-ios-sdk" */;
			productName = FirebaseAuth;
		};
		AA8CC1E42964825A00240CE6 /* FirebaseFirestore */ = {
			isa = XCSwiftPackageProductDependency;
			package = AA8CC1E12964825A00240CE6 /* XCRemoteSwiftPackageReference "firebase-ios-sdk" */;
			productName = FirebaseFirestore;
		};
		AA8CC1E62964825A00240CE6 /* FirebaseFirestoreSwift */ = {
			isa = XCSwiftPackageProductDependency;
			package = AA8CC1E12964825A00240CE6 /* XCRemoteSwiftPackageReference "firebase-ios-sdk" */;
			productName = FirebaseFirestoreSwift;
		};
		AA8CC1E82964825A00240CE6 /* FirebaseStorage */ = {
			isa = XCSwiftPackageProductDependency;
			package = AA8CC1E12964825A00240CE6 /* XCRemoteSwiftPackageReference "firebase-ios-sdk" */;
			productName = FirebaseStorage;
		};
/* End XCSwiftPackageProductDependency section */
	};
	rootObject = AACDCD8D2962B40300BA58E2 /* Project object */;
}
